
Microsoft Visual Studio Solution File, Format Version 12.00
# Visual Studio 15
VisualStudioVersion = 15.0.28010.2050
MinimumVisualStudioVersion = 10.0.40219.1
Project("{FAE04EC0-301F-11D3-BF4B-00C04F79EFBC}") = "VirtualLibClient", "VirtualLibrarity\VirtualLibClient.csproj", "{1295C450-4CAE-424F-940D-E4EF95F9F693}"
EndProject
Project("{FAE04EC0-301F-11D3-BF4B-00C04F79EFBC}") = "VirtualLibAPI", "VirtualLibAPI\VirtualLibAPI.csproj", "{5ACBFCE7-08BD-4E9A-BD2E-F8DEFC0D34AD}"
EndProject
Global
	GlobalSection(SolutionConfigurationPlatforms) = preSolution
		Debug|Any CPU = Debug|Any CPU
		Release|Any CPU = Release|Any CPU
	EndGlobalSection
	GlobalSection(ProjectConfigurationPlatforms) = postSolution
		{1295C450-4CAE-424F-940D-E4EF95F9F693}.Debug|Any CPU.ActiveCfg = Debug|Any CPU
		{1295C450-4CAE-424F-940D-E4EF95F9F693}.Debug|Any CPU.Build.0 = Debug|Any CPU
		{1295C450-4CAE-424F-940D-E4EF95F9F693}.Debug|Any CPU.Deploy.0 = Debug|Any CPU
		{1295C450-4CAE-424F-940D-E4EF95F9F693}.Release|Any CPU.ActiveCfg = Release|Any CPU
		{1295C450-4CAE-424F-940D-E4EF95F9F693}.Release|Any CPU.Build.0 = Release|Any CPU
		{1295C450-4CAE-424F-940D-E4EF95F9F693}.Release|Any CPU.Deploy.0 = Release|Any CPU
		{5ACBFCE7-08BD-4E9A-BD2E-F8DEFC0D34AD}.Debug|Any CPU.ActiveCfg = Debug|Any CPU
		{5ACBFCE7-08BD-4E9A-BD2E-F8DEFC0D34AD}.Debug|Any CPU.Build.0 = Debug|Any CPU
		{5ACBFCE7-08BD-4E9A-BD2E-F8DEFC0D34AD}.Release|Any CPU.ActiveCfg = Release|Any CPU
		{5ACBFCE7-08BD-4E9A-BD2E-F8DEFC0D34AD}.Release|Any CPU.Build.0 = Release|Any CPU
	EndGlobalSection
	GlobalSection(SolutionProperties) = preSolution
		HideSolutionNode = FALSE
	EndGlobalSection
	GlobalSection(ExtensibilityGlobals) = postSolution
		SolutionGuid = {A9349C55-70A2-4460-A056-6766827CA2FF}
	EndGlobalSection
EndGlobal
